
Microsoft Visual Studio Solution File, Format Version 12.00
# Visual Studio Version 16
VisualStudioVersion = 16.0.32002.261
MinimumVisualStudioVersion = 10.0.40219.1
Project("{FAE04EC0-301F-11D3-BF4B-00C04F79EFBC}") = "Abtion_WordSorting_Assignment", "Abtion_WordSorting_Assignment\Abtion_WordSorting_Assignment.csproj", "{3D6E2822-25F7-4250-87AD-C626FAB22E77}"
EndProject
Project("{FAE04EC0-301F-11D3-BF4B-00C04F79EFBC}") = "TestProject", "TestProject\TestProject.csproj", "{F08068C8-0B7A-4670-96A0-43F67BF8FB63}"
EndProject
Global
	GlobalSection(SolutionConfigurationPlatforms) = preSolution
		Debug|Any CPU = Debug|Any CPU
		Release|Any CPU = Release|Any CPU
	EndGlobalSection
	GlobalSection(ProjectConfigurationPlatforms) = postSolution
		{3D6E2822-25F7-4250-87AD-C626FAB22E77}.Debug|Any CPU.ActiveCfg = Debug|Any CPU
		{3D6E2822-25F7-4250-87AD-C626FAB22E77}.Debug|Any CPU.Build.0 = Debug|Any CPU
		{3D6E2822-25F7-4250-87AD-C626FAB22E77}.Release|Any CPU.ActiveCfg = Release|Any CPU
		{3D6E2822-25F7-4250-87AD-C626FAB22E77}.Release|Any CPU.Build.0 = Release|Any CPU
		{F08068C8-0B7A-4670-96A0-43F67BF8FB63}.Debug|Any CPU.ActiveCfg = Debug|Any CPU
		{F08068C8-0B7A-4670-96A0-43F67BF8FB63}.Debug|Any CPU.Build.0 = Debug|Any CPU
		{F08068C8-0B7A-4670-96A0-43F67BF8FB63}.Release|Any CPU.ActiveCfg = Release|Any CPU
		{F08068C8-0B7A-4670-96A0-43F67BF8FB63}.Release|Any CPU.Build.0 = Release|Any CPU
	EndGlobalSection
	GlobalSection(SolutionProperties) = preSolution
		HideSolutionNode = FALSE
	EndGlobalSection
	GlobalSection(ExtensibilityGlobals) = postSolution
		SolutionGuid = {18EC0404-028D-44DC-BC20-D7374E8EFFFD}
	EndGlobalSection
EndGlobal
